version = 1
revision = 3
requires-python = ">=3.13"

[[package]]
name = "cffi"
version = "1.17.1"
source = { registry = "https://pypi.org/simple" }
dependencies = [
    { name = "pycparser" },
]
sdist = { url = "https://files.pythonhosted.org/packages/fc/97/c783634659c2920c3fc70419e3af40972dbaf758daa229a7d6ea6135c90d/cffi-1.17.1.tar.gz", hash = "sha256:1c39c6016c32bc48dd54561950ebd6836e1670f2ae46128f67cf49e789c52824", size = 516621, upload-time = "2024-09-04T20:45:21.852Z" }
wheels = [
    { url = "https://files.pythonhosted.org/packages/8d/f8/dd6c246b148639254dad4d6803eb6a54e8c85c6e11ec9df2cffa87571dbe/cffi-1.17.1-cp313-cp313-macosx_10_13_x86_64.whl", hash = "sha256:f3a2b4222ce6b60e2e8b337bb9596923045681d71e5a082783484d845390938e", size = 182989, upload-time = "2024-09-04T20:44:28.956Z" },
    { url = "https://files.pythonhosted.org/packages/8b/f1/672d303ddf17c24fc83afd712316fda78dc6fce1cd53011b839483e1ecc8/cffi-1.17.1-cp313-cp313-macosx_11_0_arm64.whl", hash = "sha256:0984a4925a435b1da406122d4d7968dd861c1385afe3b45ba82b750f229811e2", size = 178802, upload-time = "2024-09-04T20:44:30.289Z" },
    { url = "https://files.pythonhosted.org/packages/0e/2d/eab2e858a91fdff70533cab61dcff4a1f55ec60425832ddfdc9cd36bc8af/cffi-1.17.1-cp313-cp313-manylinux_2_12_i686.manylinux2010_i686.manylinux_2_17_i686.manylinux2014_i686.whl", hash = "sha256:d01b12eeeb4427d3110de311e1774046ad344f5b1a7403101878976ecd7a10f3", size = 454792, upload-time = "2024-09-04T20:44:32.01Z" },
    { url = "https://files.pythonhosted.org/packages/75/b2/fbaec7c4455c604e29388d55599b99ebcc250a60050610fadde58932b7ee/cffi-1.17.1-cp313-cp313-manylinux_2_17_aarch64.manylinux2014_aarch64.whl", hash = "sha256:706510fe141c86a69c8ddc029c7910003a17353970cff3b904ff0686a5927683", size = 478893, upload-time = "2024-09-04T20:44:33.606Z" },
    { url = "https://files.pythonhosted.org/packages/4f/b7/6e4a2162178bf1935c336d4da8a9352cccab4d3a5d7914065490f08c0690/cffi-1.17.1-cp313-cp313-manylinux_2_17_ppc64le.manylinux2014_ppc64le.whl", hash = "sha256:de55b766c7aa2e2a3092c51e0483d700341182f08e67c63630d5b6f200bb28e5", size = 485810, upload-time = "2024-09-04T20:44:35.191Z" },
    { url = "https://files.pythonhosted.org/packages/c7/8a/1d0e4a9c26e54746dc08c2c6c037889124d4f59dffd853a659fa545f1b40/cffi-1.17.1-cp313-cp313-manylinux_2_17_s390x.manylinux2014_s390x.whl", hash = "sha256:c59d6e989d07460165cc5ad3c61f9fd8f1b4796eacbd81cee78957842b834af4", size = 471200, upload-time = "2024-09-04T20:44:36.743Z" },
    { url = "https://files.pythonhosted.org/packages/26/9f/1aab65a6c0db35f43c4d1b4f580e8df53914310afc10ae0397d29d697af4/cffi-1.17.1-cp313-cp313-manylinux_2_17_x86_64.manylinux2014_x86_64.whl", hash = "sha256:dd398dbc6773384a17fe0d3e7eeb8d1a21c2200473ee6806bb5e6a8e62bb73dd", size = 479447, upload-time = "2024-09-04T20:44:38.492Z" },
    { url = "https://files.pythonhosted.org/packages/5f/e4/fb8b3dd8dc0e98edf1135ff067ae070bb32ef9d509d6cb0f538cd6f7483f/cffi-1.17.1-cp313-cp313-musllinux_1_1_aarch64.whl", hash = "sha256:3edc8d958eb099c634dace3c7e16560ae474aa3803a5df240542b305d14e14ed", size = 484358, upload-time = "2024-09-04T20:44:40.046Z" },
    { url = "https://files.pythonhosted.org/packages/f1/47/d7145bf2dc04684935d57d67dff9d6d795b2ba2796806bb109864be3a151/cffi-1.17.1-cp313-cp313-musllinux_1_1_x86_64.whl", hash = "sha256:72e72408cad3d5419375fc87d289076ee319835bdfa2caad331e377589aebba9", size = 488469, upload-time = "2024-09-04T20:44:41.616Z" },
    { url = "https://files.pythonhosted.org/packages/bf/ee/f94057fa6426481d663b88637a9a10e859e492c73d0384514a17d78ee205/cffi-1.17.1-cp313-cp313-win32.whl", hash = "sha256:e03eab0a8677fa80d646b5ddece1cbeaf556c313dcfac435ba11f107ba117b5d", size = 172475, upload-time = "2024-09-04T20:44:43.733Z" },
    { url = "https://files.pythonhosted.org/packages/7c/fc/6a8cb64e5f0324877d503c854da15d76c1e50eb722e320b15345c4d0c6de/cffi-1.17.1-cp313-cp313-win_amd64.whl", hash = "sha256:f6a16c31041f09ead72d69f583767292f750d24913dadacf5756b966aacb3f1a", size = 182009, upload-time = "2024-09-04T20:44:45.309Z" },
]

[[package]]
name = "cryptography"
version = "3.4.8"
source = { registry = "https://pypi.org/simple" }
dependencies = [
    { name = "cffi" },
]
sdist = { url = "https://files.pythonhosted.org/packages/cc/98/8a258ab4787e6f835d350639792527d2eb7946ff9fc0caca9c3f4cf5dcfe/cryptography-3.4.8.tar.gz", hash = "sha256:94cc5ed4ceaefcbe5bf38c8fba6a21fc1d365bb8fb826ea1688e3370b2e24a1c", size = 546907, upload-time = "2021-08-24T17:18:55.931Z" }
wheels = [
    { url = "https://files.pythonhosted.org/packages/00/e4/da1509e64a92e32ec8df97f5c4372e7f0e56b5b0bad299da61a9632b900c/cryptography-3.4.8-cp36-abi3-macosx_10_10_x86_64.whl", hash = "sha256:a00cf305f07b26c351d8d4e1af84ad7501eca8a342dedf24a7acb0e7b7406e14", size = 1984242, upload-time = "2021-08-24T17:28:41.209Z" },
    { url = "https://files.pythonhosted.org/packages/7d/d1/41c840255bd2b416e3653f4fef31224ba87576cc6b75b791de5c752126cb/cryptography-3.4.8-cp36-abi3-macosx_11_0_arm64.whl", hash = "sha256:f44d141b8c4ea5eb4dbc9b3ad992d45580c1d22bf5e24363f2fbf50c2d7ae8a7", size = 1890436, upload-time = "2021-08-24T17:23:47.114Z" },
    { url = "https://files.pythonhosted.org/packages/28/d4/35dc171f470704403e35d639b1b4ad38f6a6e07c39aab2fad9437b88d4c3/cryptography-3.4.8-cp36-abi3-manylinux_2_12_x86_64.manylinux2010_x86_64.whl", hash = "sha256:0a7dcbcd3f1913f664aca35d47c1331fce738d44ec34b7be8b9d332151b0b01e", size = 3074656, upload-time = "2021-08-24T17:28:45.7Z" },
    { url = "https://files.pythonhosted.org/packages/f5/2e/a61d992645593be442b2666252f5d2fceb0777dfd2675a75d8914a353cd3/cryptography-3.4.8-cp36-abi3-manylinux_2_17_aarch64.manylinux2014_aarch64.whl", hash = "sha256:34dae04a0dce5730d8eb7894eab617d8a70d0c97da76b905de9efb7128ad7085", size = 3036678, upload-time = "2021-08-24T17:29:59.174Z" },
    { url = "https://files.pythonhosted.org/packages/96/07/4d23f8e34e56d8eeb2c37cd5924928a01c3dd756a1d99e470181bc57551e/cryptography-3.4.8-cp36-abi3-manylinux_2_17_x86_64.manylinux2014_x86_64.whl", hash = "sha256:1eb7bb0df6f6f583dd8e054689def236255161ebbcf62b226454ab9ec663746b", size = 3157688, upload-time = "2021-08-24T17:28:49.902Z" },
    { url = "https://files.pythonhosted.org/packages/17/7e/cec41c164b42db6364b10e13d218c40e604cc6745448b9fcd9318f2d9556/cryptography-3.4.8-cp36-abi3-manylinux_2_24_x86_64.whl", hash = "sha256:9965c46c674ba8cc572bc09a03f4c649292ee73e1b683adb1ce81e82e9a6a0fb", size = 2993982, upload-time = "2021-08-24T17:28:54.006Z" },
    { url = "https://files.pythonhosted.org/packages/31/6b/12678b9f4aade4cdd322d2366421cb9bca978d82a4b2ad556f7dd80811ed/cryptography-3.4.8-cp36-abi3-musllinux_1_1_aarch64.whl", hash = "sha256:3c4129fc3fdc0fa8e40861b5ac0c673315b3c902bbdc05fc176764815b43dd1d", size = 3122039, upload-time = "2021-09-20T19:57:59.894Z" },
    { url = "https://files.pythonhosted.org/packages/d7/05/01b2482b88edc0ad8f99bbf763dd34895c71f0a87ce61e89813eba481187/cryptography-3.4.8-cp36-abi3-musllinux_1_1_x86_64.whl", hash = "sha256:695104a9223a7239d155d7627ad912953b540929ef97ae0c34c7b8bf30857e89", size = 3234876, upload-time = "2021-09-19T01:30:11.231Z" },
    { url = "https://files.pythonhosted.org/packages/03/27/e2ccbfcdaa6768110676bfdc60012322e0d09b83227d52b25a89cb6e2914/cryptography-3.4.8-cp36-abi3-win32.whl", hash = "sha256:21ca464b3a4b8d8e86ba0ee5045e103a1fcfac3b39319727bc0fc58c09c6aff7", size = 1364558, upload-time = "2021-08-24T17:28:57.353Z" },
    { url = "https://files.pythonhosted.org/packages/b6/32/e82e51a64280b16647af538bbfe4424285a41f01687899405e997a6e39b4/cryptography-3.4.8-cp36-abi3-win_amd64.whl", hash = "sha256:3520667fda779eb788ea00080124875be18f2d8f0848ec00733c0ec3bb8219fc", size = 1611019, upload-time = "2021-08-24T17:29:00.632Z" },
]

[[package]]
name = "django"
version = "2.2"
source = { registry = "https://pypi.org/simple" }
dependencies = [
    { name = "pytz" },
    { name = "sqlparse" },
]
sdist = { url = "https://files.pythonhosted.org/packages/17/89/bb1b5b75d2ee7b7946d02c9284c067c827dc2b34031180a9442a774da8bf/Django-2.2.tar.gz", hash = "sha256:7c3543e4fb070d14e10926189a7fcf42ba919263b7473dceaefce34d54e8a119", size = 8843237, upload-time = "2019-04-01T12:47:42.24Z" }
wheels = [
    { url = "https://files.pythonhosted.org/packages/54/85/0bef63668fb170888c1a2970ec897d4528d6072f32dee27653381a332642/Django-2.2-py3-none-any.whl", hash = "sha256:a2814bffd1f007805b19194eb0b9a331933b82bd5da1c3ba3d7b7ba16e06dc4b", size = 7447163, upload-time = "2019-04-01T12:47:35.288Z" },
]

[[package]]
name = "legacy-cgi"
version = "2.6.3"
source = { registry = "https://pypi.org/simple" }
sdist = { url = "https://files.pythonhosted.org/packages/a6/ed/300cabc9693209d5a03e2ebc5eb5c4171b51607c08ed84a2b71c9015e0f3/legacy_cgi-2.6.3.tar.gz", hash = "sha256:4c119d6cb8e9d8b6ad7cc0ddad880552c62df4029622835d06dfd18f438a8154", size = 24401, upload-time = "2025-03-27T00:48:56.957Z" }
wheels = [
    { url = "https://files.pythonhosted.org/packages/5a/33/68c6c38193684537757e0d50a7ccb4f4656e5c2f7cd2be737a9d4a1bff71/legacy_cgi-2.6.3-py3-none-any.whl", hash = "sha256:6df2ea5ae14c71ef6f097f8b6372b44f6685283dc018535a75c924564183cdab", size = 19851, upload-time = "2025-03-27T00:48:55.366Z" },
]

[[package]]
name = "openpgppy"
version = "1.2"
source = { registry = "https://pypi.org/simple" }
dependencies = [
    { name = "pyscard" },
]
wheels = [
    { url = "https://files.pythonhosted.org/packages/4c/da/16ef84eea88ba4c16c53dc93759ba5c649b021cbbfa42154897bc0257160/OpenPGPpy-1.2-py3-none-any.whl", hash = "sha256:c4966f8df340246232c61fe04d9dcdd87c7fc07f942afa4cc974f546bce3d790", size = 24908, upload-time = "2024-06-02T22:11:58.031Z" },
]

[[package]]
name = "pycparser"
version = "2.22"
source = { registry = "https://pypi.org/simple" }
sdist = { url = "https://files.pythonhosted.org/packages/1d/b2/31537cf4b1ca988837256c910a668b553fceb8f069bedc4b1c826024b52c/pycparser-2.22.tar.gz", hash = "sha256:491c8be9c040f5390f5bf44a5b07752bd07f56edf992381b05c701439eec10f6", size = 172736, upload-time = "2024-03-30T13:22:22.564Z" }
wheels = [
    { url = "https://files.pythonhosted.org/packages/13/a3/a812df4e2dd5696d1f351d58b8fe16a405b234ad2886a0dab9183fb78109/pycparser-2.22-py3-none-any.whl", hash = "sha256:c3702b6d3dd8c7abc1afa565d7e63d53a1d0bd86cdc24edd75470f4de499cfcc", size = 117552, upload-time = "2024-03-30T13:22:20.476Z" },
]

[[package]]
name = "pyscard"
version = "2.0.8"
source = { registry = "https://pypi.org/simple" }
sdist = { url = "https://files.pythonhosted.org/packages/27/f9/290e3af3b9cf367d8bc9ffe13f537d26ba37ba93b1eae90777125d22d822/pyscard-2.0.8.tar.gz", hash = "sha256:2eb16ee0e89ab27759fcb36f032c40a5774ed5926c0e03309837bdeb563a6032", size = 153266, upload-time = "2024-03-09T17:26:54.888Z" }

[[package]]
name = "pytz"
version = "2025.2"
source = { registry = "https://pypi.org/simple" }
sdist = { url = "https://files.pythonhosted.org/packages/f8/bf/abbd3cdfb8fbc7fb3d4d38d320f2441b1e7cbe29be4f23797b4a2b5d8aac/pytz-2025.2.tar.gz", hash = "sha256:360b9e3dbb49a209c21ad61809c7fb453643e048b38924c765813546746e81c3", size = 320884, upload-time = "2025-03-25T02:25:00.538Z" }
wheels = [
    { url = "https://files.pythonhosted.org/packages/81/c4/34e93fe5f5429d7570ec1fa436f1986fb1f00c3e0f43a589fe2bbcd22c3f/pytz-2025.2-py2.py3-none-any.whl", hash = "sha256:5ddf76296dd8c44c26eb8f4b6f35488f3ccbf6fbbd7adee0b7262d43f0ec2f00", size = 509225, upload-time = "2025-03-25T02:24:58.468Z" },
]

[[package]]
name = "setuptools"
version = "80.9.0"
source = { registry = "https://pypi.org/simple" }
sdist = { url = "https://files.pythonhosted.org/packages/18/5d/3bf57dcd21979b887f014ea83c24ae194cfcd12b9e0fda66b957c69d1fca/setuptools-80.9.0.tar.gz", hash = "sha256:f36b47402ecde768dbfafc46e8e4207b4360c654f1f3bb84475f0a28628fb19c", size = 1319958, upload-time = "2025-05-27T00:56:51.443Z" }
wheels = [
    { url = "https://files.pythonhosted.org/packages/a3/dc/17031897dae0efacfea57dfd3a82fdd2a2aeb58e0ff71b77b87e44edc772/setuptools-80.9.0-py3-none-any.whl", hash = "sha256:062d34222ad13e0cc312a4c02d73f059e86a4acbfbdea8f8f76b28c99f306922", size = 1201486, upload-time = "2025-05-27T00:56:49.664Z" },
]

[[package]]
name = "sqlparse"
version = "0.5.3"
source = { registry = "https://pypi.org/simple" }
sdist = { url = "https://files.pythonhosted.org/packages/e5/40/edede8dd6977b0d3da179a342c198ed100dd2aba4be081861ee5911e4da4/sqlparse-0.5.3.tar.gz", hash = "sha256:09f67787f56a0b16ecdbde1bfc7f5d9c3371ca683cfeaa8e6ff60b4807ec9272", size = 84999, upload-time = "2024-12-10T12:05:30.728Z" }
wheels = [
    { url = "https://files.pythonhosted.org/packages/a9/5c/bfd6bd0bf979426d405cc6e71eceb8701b148b16c21d2dc3c261efc61c7b/sqlparse-0.5.3-py3-none-any.whl", hash = "sha256:cf2196ed3418f3ba5de6af7e82c694a9fbdbfecccdfc72e281548517081f16ca", size = 44415, upload-time = "2024-12-10T12:05:27.824Z" },
]

[[package]]
name = "zsca"
version = "0.1.0"
source = { virtual = "." }
dependencies = [
    { name = "cryptography" },
    { name = "django" },
    { name = "legacy-cgi" },
    { name = "openpgppy" },
    { name = "setuptools" },
]

[package.metadata]
requires-dist = [
    { name = "cryptography", specifier = "==3.4.8" },
    { name = "django", specifier = "==2.2" },
    { name = "legacy-cgi", specifier = ">=2.6.3" },
    { name = "openpgppy", specifier = "==1.2" },
    { name = "setuptools", specifier = ">=80.9.0" },
]
